// !$*UTF8*$!
{
	archiveVersion = 1;
	classes = {
	};
	objectVersion = 46;
	objects = {

/* Begin PBXBuildFile section */
		8101BE29197CBBFC0042E4EA /* AppDelegate.swift in Sources */ = {isa = PBXBuildFile; fileRef = 8101BE28197CBBFC0042E4EA /* AppDelegate.swift */; };
		8101BE2B197CBBFC0042E4EA /* ViewController.swift in Sources */ = {isa = PBXBuildFile; fileRef = 8101BE2A197CBBFC0042E4EA /* ViewController.swift */; };
		8101BE2E197CBBFC0042E4EA /* Main.storyboard in Resources */ = {isa = PBXBuildFile; fileRef = 8101BE2C197CBBFC0042E4EA /* Main.storyboard */; };
		8101BE30197CBBFC0042E4EA /* Images.xcassets in Resources */ = {isa = PBXBuildFile; fileRef = 8101BE2F197CBBFC0042E4EA /* Images.xcassets */; };
		8101BE3C197CBBFC0042E4EA /* MyRouteTests.swift in Sources */ = {isa = PBXBuildFile; fileRef = 8101BE3B197CBBFC0042E4EA /* MyRouteTests.swift */; };
		8101BE54197CBC740042E4EA /* Foundation.framework in Frameworks */ = {isa = PBXBuildFile; fileRef = 8101BE53197CBC740042E4EA /* Foundation.framework */; };
		8101BE58197CEFD00042E4EA /* MainViewController.swift in Sources */ = {isa = PBXBuildFile; fileRef = 8101BE57197CEFD00042E4EA /* MainViewController.swift */; };
		8101BE5A197CF0060042E4EA /* RecordViewController.swift in Sources */ = {isa = PBXBuildFile; fileRef = 8101BE59197CF0060042E4EA /* RecordViewController.swift */; };
		8101BE5C197CF0AD0042E4EA /* DisplayViewController.swift in Sources */ = {isa = PBXBuildFile; fileRef = 8101BE5B197CF0AD0042E4EA /* DisplayViewController.swift */; };
		8101BE5E197CF0F80042E4EA /* StatusView.swift in Sources */ = {isa = PBXBuildFile; fileRef = 8101BE5D197CF0F80042E4EA /* StatusView.swift */; };
		8101BE61197CF1190042E4EA /* TipView.swift in Sources */ = {isa = PBXBuildFile; fileRef = 8101BE60197CF1190042E4EA /* TipView.swift */; };
		8101BE64197CF36B0042E4EA /* location_yes@2x.png in Resources */ = {isa = PBXBuildFile; fileRef = 8101BE62197CF36B0042E4EA /* location_yes@2x.png */; };
		8101BE65197CF36B0042E4EA /* location_no@2x.png in Resources */ = {isa = PBXBuildFile; fileRef = 8101BE63197CF36B0042E4EA /* location_no@2x.png */; };
		8101BE6A197CF8D30042E4EA /* icon_list@2x.png in Resources */ = {isa = PBXBuildFile; fileRef = 8101BE67197CF8D30042E4EA /* icon_list@2x.png */; };
		8101BE6B197CF8D30042E4EA /* icon_stop@2x.png in Resources */ = {isa = PBXBuildFile; fileRef = 8101BE68197CF8D30042E4EA /* icon_stop@2x.png */; };
		8101BE6C197CF8D30042E4EA /* icon_play@2x.png in Resources */ = {isa = PBXBuildFile; fileRef = 8101BE69197CF8D30042E4EA /* icon_play@2x.png */; };
		8101BE6E197D0AEA0042E4EA /* Route.swift in Sources */ = {isa = PBXBuildFile; fileRef = 8101BE6D197D0AEA0042E4EA /* Route.swift */; };
		815FB8691980F564001E52C0 /* aeroplane@2x.png in Resources */ = {isa = PBXBuildFile; fileRef = 815FB8681980F564001E52C0 /* aeroplane@2x.png */; };
		816265DF197E6752004ABDCC /* FileHelper.swift in Sources */ = {isa = PBXBuildFile; fileRef = 816265DE197E6752004ABDCC /* FileHelper.swift */; };
		81D4BC111A5BE58C006C6509 /* Launch Screen.xib in Resources */ = {isa = PBXBuildFile; fileRef = 81D4BC101A5BE58C006C6509 /* Launch Screen.xib */; };
		81D4BC131A5BE7EF006C6509 /* SearchViewController.swift in Sources */ = {isa = PBXBuildFile; fileRef = 81D4BC121A5BE7EF006C6509 /* SearchViewController.swift */; };
		FDA64A9080606719914C0891 /* libPods.a in Frameworks */ = {isa = PBXBuildFile; fileRef = F62681F1154B39A4B3262960 /* libPods.a */; };
/* End PBXBuildFile section */

/* Begin PBXContainerItemProxy section */
		8101BE36197CBBFC0042E4EA /* PBXContainerItemProxy */ = {
			isa = PBXContainerItemProxy;
			containerPortal = 8101BE1B197CBBFC0042E4EA /* Project object */;
			proxyType = 1;
			remoteGlobalIDString = 8101BE22197CBBFC0042E4EA;
			remoteInfo = MyRoute;
		};
/* End PBXContainerItemProxy section */

/* Begin PBXFileReference section */
		614719377AA623529C6B76BA /* Pods.debug.xcconfig */ = {isa = PBXFileReference; includeInIndex = 1; lastKnownFileType = text.xcconfig; name = Pods.debug.xcconfig; path = "Pods/Target Support Files/Pods/Pods.debug.xcconfig"; sourceTree = "<group>"; };
		8101BE23197CBBFC0042E4EA /* MyRoute.app */ = {isa = PBXFileReference; explicitFileType = wrapper.application; includeInIndex = 0; path = MyRoute.app; sourceTree = BUILT_PRODUCTS_DIR; };
		8101BE27197CBBFC0042E4EA /* Info.plist */ = {isa = PBXFileReference; lastKnownFileType = text.plist.xml; path = Info.plist; sourceTree = "<group>"; };
		8101BE28197CBBFC0042E4EA /* AppDelegate.swift */ = {isa = PBXFileReference; lastKnownFileType = sourcecode.swift; path = AppDelegate.swift; sourceTree = "<group>"; };
		8101BE2A197CBBFC0042E4EA /* ViewController.swift */ = {isa = PBXFileReference; lastKnownFileType = sourcecode.swift; path = ViewController.swift; sourceTree = "<group>"; };
		8101BE2D197CBBFC0042E4EA /* Base */ = {isa = PBXFileReference; lastKnownFileType = file.storyboard; name = Base; path = Base.lproj/Main.storyboard; sourceTree = "<group>"; };
		8101BE2F197CBBFC0042E4EA /* Images.xcassets */ = {isa = PBXFileReference; lastKnownFileType = folder.assetcatalog; path = Images.xcassets; sourceTree = "<group>"; };
		8101BE35197CBBFC0042E4EA /* MyRouteTests.xctest */ = {isa = PBXFileReference; explicitFileType = wrapper.cfbundle; includeInIndex = 0; path = MyRouteTests.xctest; sourceTree = BUILT_PRODUCTS_DIR; };
		8101BE3A197CBBFC0042E4EA /* Info.plist */ = {isa = PBXFileReference; lastKnownFileType = text.plist.xml; path = Info.plist; sourceTree = "<group>"; };
		8101BE3B197CBBFC0042E4EA /* MyRouteTests.swift */ = {isa = PBXFileReference; lastKnownFileType = sourcecode.swift; path = MyRouteTests.swift; sourceTree = "<group>"; };
		8101BE53197CBC740042E4EA /* Foundation.framework */ = {isa = PBXFileReference; lastKnownFileType = wrapper.framework; name = Foundation.framework; path = System/Library/Frameworks/Foundation.framework; sourceTree = SDKROOT; };
		8101BE57197CEFD00042E4EA /* MainViewController.swift */ = {isa = PBXFileReference; fileEncoding = 4; lastKnownFileType = sourcecode.swift; path = MainViewController.swift; sourceTree = "<group>"; };
		8101BE59197CF0060042E4EA /* RecordViewController.swift */ = {isa = PBXFileReference; fileEncoding = 4; lastKnownFileType = sourcecode.swift; path = RecordViewController.swift; sourceTree = "<group>"; };
		8101BE5B197CF0AD0042E4EA /* DisplayViewController.swift */ = {isa = PBXFileReference; fileEncoding = 4; lastKnownFileType = sourcecode.swift; path = DisplayViewController.swift; sourceTree = "<group>"; };
		8101BE5D197CF0F80042E4EA /* StatusView.swift */ = {isa = PBXFileReference; fileEncoding = 4; lastKnownFileType = sourcecode.swift; path = StatusView.swift; sourceTree = "<group>"; };
		8101BE60197CF1190042E4EA /* TipView.swift */ = {isa = PBXFileReference; fileEncoding = 4; lastKnownFileType = sourcecode.swift; path = TipView.swift; sourceTree = "<group>"; };
		8101BE62197CF36B0042E4EA /* location_yes@2x.png */ = {isa = PBXFileReference; lastKnownFileType = image.png; path = "location_yes@2x.png"; sourceTree = "<group>"; };
		8101BE63197CF36B0042E4EA /* location_no@2x.png */ = {isa = PBXFileReference; lastKnownFileType = image.png; path = "location_no@2x.png"; sourceTree = "<group>"; };
		8101BE67197CF8D30042E4EA /* icon_list@2x.png */ = {isa = PBXFileReference; lastKnownFileType = image.png; path = "icon_list@2x.png"; sourceTree = "<group>"; };
		8101BE68197CF8D30042E4EA /* icon_stop@2x.png */ = {isa = PBXFileReference; lastKnownFileType = image.png; path = "icon_stop@2x.png"; sourceTree = "<group>"; };
		8101BE69197CF8D30042E4EA /* icon_play@2x.png */ = {isa = PBXFileReference; lastKnownFileType = image.png; path = "icon_play@2x.png"; sourceTree = "<group>"; };
		8101BE6D197D0AEA0042E4EA /* Route.swift */ = {isa = PBXFileReference; fileEncoding = 4; lastKnownFileType = sourcecode.swift; path = Route.swift; sourceTree = "<group>"; };
		815FB8681980F564001E52C0 /* aeroplane@2x.png */ = {isa = PBXFileReference; lastKnownFileType = image.png; path = "aeroplane@2x.png"; sourceTree = "<group>"; };
		816265DE197E6752004ABDCC /* FileHelper.swift */ = {isa = PBXFileReference; fileEncoding = 4; lastKnownFileType = sourcecode.swift; path = FileHelper.swift; sourceTree = "<group>"; };
		81D4BC101A5BE58C006C6509 /* Launch Screen.xib */ = {isa = PBXFileReference; fileEncoding = 4; lastKnownFileType = file.xib; path = "Launch Screen.xib"; sourceTree = "<group>"; };
		81D4BC121A5BE7EF006C6509 /* SearchViewController.swift */ = {isa = PBXFileReference; fileEncoding = 4; lastKnownFileType = sourcecode.swift; path = SearchViewController.swift; sourceTree = "<group>"; };
		917116BDD37BCA2BD8028BAD /* Pods.release.xcconfig */ = {isa = PBXFileReference; includeInIndex = 1; lastKnownFileType = text.xcconfig; name = Pods.release.xcconfig; path = "Pods/Target Support Files/Pods/Pods.release.xcconfig"; sourceTree = "<group>"; };
		F62681F1154B39A4B3262960 /* libPods.a */ = {isa = PBXFileReference; explicitFileType = archive.ar; includeInIndex = 0; path = libPods.a; sourceTree = BUILT_PRODUCTS_DIR; };
/* End PBXFileReference section */

/* Begin PBXFrameworksBuildPhase section */
		8101BE20197CBBFC0042E4EA /* Frameworks */ = {
			isa = PBXFrameworksBuildPhase;
			buildActionMask = 2147483647;
			files = (
				8101BE54197CBC740042E4EA /* Foundation.framework in Frameworks */,
				FDA64A9080606719914C0891 /* libPods.a in Frameworks */,
			);
			runOnlyForDeploymentPostprocessing = 0;
		};
		8101BE32197CBBFC0042E4EA /* Frameworks */ = {
			isa = PBXFrameworksBuildPhase;
			buildActionMask = 2147483647;
			files = (
			);
			runOnlyForDeploymentPostprocessing = 0;
		};
/* End PBXFrameworksBuildPhase section */

/* Begin PBXGroup section */
		20398A460922493F520D5A64 /* Frameworks */ = {
			isa = PBXGroup;
			children = (
				F62681F1154B39A4B3262960 /* libPods.a */,
			);
			name = Frameworks;
			sourceTree = "<group>";
		};
		8101BE1A197CBBFC0042E4EA = {
			isa = PBXGroup;
			children = (
				8101BE53197CBC740042E4EA /* Foundation.framework */,
				8101BE25197CBBFC0042E4EA /* MyRoute */,
				8101BE38197CBBFC0042E4EA /* MyRouteTests */,
				8101BE24197CBBFC0042E4EA /* Products */,
				F9E24E31BB58311C0805F415 /* Pods */,
				20398A460922493F520D5A64 /* Frameworks */,
			);
			sourceTree = "<group>";
		};
		8101BE24197CBBFC0042E4EA /* Products */ = {
			isa = PBXGroup;
			children = (
				8101BE23197CBBFC0042E4EA /* MyRoute.app */,
				8101BE35197CBBFC0042E4EA /* MyRouteTests.xctest */,
			);
			name = Products;
			sourceTree = "<group>";
		};
		8101BE25197CBBFC0042E4EA /* MyRoute */ = {
			isa = PBXGroup;
			children = (
				8101BE28197CBBFC0042E4EA /* AppDelegate.swift */,
				8101BE2A197CBBFC0042E4EA /* ViewController.swift */,
				8101BE57197CEFD00042E4EA /* MainViewController.swift */,
				8101BE59197CF0060042E4EA /* RecordViewController.swift */,
				8101BE5B197CF0AD0042E4EA /* DisplayViewController.swift */,
				81D4BC121A5BE7EF006C6509 /* SearchViewController.swift */,
				8101BE6F197D1E900042E4EA /* Model */,
				8101BE5F197CF1040042E4EA /* Views */,
				8101BE66197CF36F0042E4EA /* Resources */,
				8101BE2C197CBBFC0042E4EA /* Main.storyboard */,
				8101BE2F197CBBFC0042E4EA /* Images.xcassets */,
				8101BE26197CBBFC0042E4EA /* Supporting Files */,
			);
			path = MyRoute;
			sourceTree = "<group>";
		};
		8101BE26197CBBFC0042E4EA /* Supporting Files */ = {
			isa = PBXGroup;
			children = (
				8101BE27197CBBFC0042E4EA /* Info.plist */,
			);
			name = "Supporting Files";
			sourceTree = "<group>";
		};
		8101BE38197CBBFC0042E4EA /* MyRouteTests */ = {
			isa = PBXGroup;
			children = (
				8101BE3B197CBBFC0042E4EA /* MyRouteTests.swift */,
				8101BE39197CBBFC0042E4EA /* Supporting Files */,
			);
			path = MyRouteTests;
			sourceTree = "<group>";
		};
		8101BE39197CBBFC0042E4EA /* Supporting Files */ = {
			isa = PBXGroup;
			children = (
				8101BE3A197CBBFC0042E4EA /* Info.plist */,
			);
			name = "Supporting Files";
			sourceTree = "<group>";
		};
		8101BE5F197CF1040042E4EA /* Views */ = {
			isa = PBXGroup;
			children = (
				8101BE5D197CF0F80042E4EA /* StatusView.swift */,
				8101BE60197CF1190042E4EA /* TipView.swift */,
			);
			name = Views;
			sourceTree = "<group>";
		};
		8101BE66197CF36F0042E4EA /* Resources */ = {
			isa = PBXGroup;
			children = (
				815FB8681980F564001E52C0 /* aeroplane@2x.png */,
				8101BE67197CF8D30042E4EA /* icon_list@2x.png */,
				8101BE68197CF8D30042E4EA /* icon_stop@2x.png */,
				8101BE69197CF8D30042E4EA /* icon_play@2x.png */,
				8101BE62197CF36B0042E4EA /* location_yes@2x.png */,
				8101BE63197CF36B0042E4EA /* location_no@2x.png */,
				81D4BC101A5BE58C006C6509 /* Launch Screen.xib */,
			);
			name = Resources;
			sourceTree = "<group>";
		};
		8101BE6F197D1E900042E4EA /* Model */ = {
			isa = PBXGroup;
			children = (
				8101BE6D197D0AEA0042E4EA /* Route.swift */,
				816265DE197E6752004ABDCC /* FileHelper.swift */,
			);
			name = Model;
			sourceTree = "<group>";
		};
		F9E24E31BB58311C0805F415 /* Pods */ = {
			isa = PBXGroup;
			children = (
				614719377AA623529C6B76BA /* Pods.debug.xcconfig */,
				917116BDD37BCA2BD8028BAD /* Pods.release.xcconfig */,
			);
			name = Pods;
			sourceTree = "<group>";
		};
/* End PBXGroup section */

/* Begin PBXNativeTarget section */
		8101BE22197CBBFC0042E4EA /* MyRoute */ = {
			isa = PBXNativeTarget;
			buildConfigurationList = 8101BE3F197CBBFC0042E4EA /* Build configuration list for PBXNativeTarget "MyRoute" */;
			buildPhases = (
				1DB08F9F3C236AFBE381B7F3 /* Check Pods Manifest.lock */,
				8101BE1F197CBBFC0042E4EA /* Sources */,
				8101BE20197CBBFC0042E4EA /* Frameworks */,
				8101BE21197CBBFC0042E4EA /* Resources */,
				04EC726E2A16D9E0B4C42D38 /* Copy Pods Resources */,
				343BFE74314539439799A1D1 /* Embed Pods Frameworks */,
			);
			buildRules = (
			);
			dependencies = (
			);
			name = MyRoute;
			productName = MyRoute;
			productReference = 8101BE23197CBBFC0042E4EA /* MyRoute.app */;
			productType = "com.apple.product-type.application";
		};
		8101BE34197CBBFC0042E4EA /* MyRouteTests */ = {
			isa = PBXNativeTarget;
			buildConfigurationList = 8101BE42197CBBFC0042E4EA /* Build configuration list for PBXNativeTarget "MyRouteTests" */;
			buildPhases = (
				8101BE31197CBBFC0042E4EA /* Sources */,
				8101BE32197CBBFC0042E4EA /* Frameworks */,
				8101BE33197CBBFC0042E4EA /* Resources */,
			);
			buildRules = (
			);
			dependencies = (
				8101BE37197CBBFC0042E4EA /* PBXTargetDependency */,
			);
			name = MyRouteTests;
			productName = MyRouteTests;
			productReference = 8101BE35197CBBFC0042E4EA /* MyRouteTests.xctest */;
			productType = "com.apple.product-type.bundle.unit-test";
		};
/* End PBXNativeTarget section */

/* Begin PBXProject section */
		8101BE1B197CBBFC0042E4EA /* Project object */ = {
			isa = PBXProject;
			attributes = {
				LastSwiftMigration = 0700;
				LastSwiftUpdateCheck = 0700;
				LastUpgradeCheck = 0700;
				ORGANIZATIONNAME = AutoNavi;
				TargetAttributes = {
					8101BE22197CBBFC0042E4EA = {
						CreatedOnToolsVersion = 6.0;
						SystemCapabilities = {
							com.apple.BackgroundModes = {
								enabled = 1;
							};
						};
					};
					8101BE34197CBBFC0042E4EA = {
						CreatedOnToolsVersion = 6.0;
						TestTargetID = 8101BE22197CBBFC0042E4EA;
					};
				};
			};
			buildConfigurationList = 8101BE1E197CBBFC0042E4EA /* Build configuration list for PBXProject "MyRoute" */;
			compatibilityVersion = "Xcode 3.2";
			developmentRegion = English;
			hasScannedForEncodings = 0;
			knownRegions = (
				en,
				Base,
			);
			mainGroup = 8101BE1A197CBBFC0042E4EA;
			productRefGroup = 8101BE24197CBBFC0042E4EA /* Products */;
			projectDirPath = "";
			projectRoot = "";
			targets = (
				8101BE22197CBBFC0042E4EA /* MyRoute */,
				8101BE34197CBBFC0042E4EA /* MyRouteTests */,
			);
		};
/* End PBXProject section */

/* Begin PBXResourcesBuildPhase section */
		8101BE21197CBBFC0042E4EA /* Resources */ = {
			isa = PBXResourcesBuildPhase;
			buildActionMask = 2147483647;
			files = (
				8101BE64197CF36B0042E4EA /* location_yes@2x.png in Resources */,
				815FB8691980F564001E52C0 /* aeroplane@2x.png in Resources */,
				8101BE65197CF36B0042E4EA /* location_no@2x.png in Resources */,
				8101BE2E197CBBFC0042E4EA /* Main.storyboard in Resources */,
				8101BE6A197CF8D30042E4EA /* icon_list@2x.png in Resources */,
				8101BE6B197CF8D30042E4EA /* icon_stop@2x.png in Resources */,
				8101BE6C197CF8D30042E4EA /* icon_play@2x.png in Resources */,
				8101BE30197CBBFC0042E4EA /* Images.xcassets in Resources */,
				81D4BC111A5BE58C006C6509 /* Launch Screen.xib in Resources */,
			);
			runOnlyForDeploymentPostprocessing = 0;
		};
		8101BE33197CBBFC0042E4EA /* Resources */ = {
			isa = PBXResourcesBuildPhase;
			buildActionMask = 2147483647;
			files = (
			);
			runOnlyForDeploymentPostprocessing = 0;
		};
/* End PBXResourcesBuildPhase section */

/* Begin PBXShellScriptBuildPhase section */
		04EC726E2A16D9E0B4C42D38 /* Copy Pods Resources */ = {
			isa = PBXShellScriptBuildPhase;
			buildActionMask = 2147483647;
			files = (
			);
			inputPaths = (
			);
			name = "Copy Pods Resources";
			outputPaths = (
			);
			runOnlyForDeploymentPostprocessing = 0;
			shellPath = /bin/sh;
			shellScript = "\"${SRCROOT}/Pods/Target Support Files/Pods/Pods-resources.sh\"\n";
			showEnvVarsInLog = 0;
		};
		1DB08F9F3C236AFBE381B7F3 /* Check Pods Manifest.lock */ = {
			isa = PBXShellScriptBuildPhase;
			buildActionMask = 2147483647;
			files = (
			);
			inputPaths = (
			);
			name = "Check Pods Manifest.lock";
			outputPaths = (
			);
			runOnlyForDeploymentPostprocessing = 0;
			shellPath = /bin/sh;
			shellScript = "diff \"${PODS_ROOT}/../Podfile.lock\" \"${PODS_ROOT}/Manifest.lock\" > /dev/null\nif [[ $? != 0 ]] ; then\n    cat << EOM\nerror: The sandbox is not in sync with the Podfile.lock. Run 'pod install' or update your CocoaPods installation.\nEOM\n    exit 1\nfi\n";
			showEnvVarsInLog = 0;
		};
		343BFE74314539439799A1D1 /* Embed Pods Frameworks */ = {
			isa = PBXShellScriptBuildPhase;
			buildActionMask = 2147483647;
			files = (
			);
			inputPaths = (
			);
			name = "Embed Pods Frameworks";
			outputPaths = (
			);
			runOnlyForDeploymentPostprocessing = 0;
			shellPath = /bin/sh;
			shellScript = "\"${SRCROOT}/Pods/Target Support Files/Pods/Pods-frameworks.sh\"\n";
			showEnvVarsInLog = 0;
		};
/* End PBXShellScriptBuildPhase section */

/* Begin PBXSourcesBuildPhase section */
		8101BE1F197CBBFC0042E4EA /* Sources */ = {
			isa = PBXSourcesBuildPhase;
			buildActionMask = 2147483647;
			files = (
				81D4BC131A5BE7EF006C6509 /* SearchViewController.swift in Sources */,
				8101BE5C197CF0AD0042E4EA /* DisplayViewController.swift in Sources */,
				8101BE58197CEFD00042E4EA /* MainViewController.swift in Sources */,
				8101BE5E197CF0F80042E4EA /* StatusView.swift in Sources */,
				8101BE2B197CBBFC0042E4EA /* ViewController.swift in Sources */,
				8101BE61197CF1190042E4EA /* TipView.swift in Sources */,
				816265DF197E6752004ABDCC /* FileHelper.swift in Sources */,
				8101BE6E197D0AEA0042E4EA /* Route.swift in Sources */,
				8101BE29197CBBFC0042E4EA /* AppDelegate.swift in Sources */,
				8101BE5A197CF0060042E4EA /* RecordViewController.swift in Sources */,
			);
			runOnlyForDeploymentPostprocessing = 0;
		};
		8101BE31197CBBFC0042E4EA /* Sources */ = {
			isa = PBXSourcesBuildPhase;
			buildActionMask = 2147483647;
			files = (
				8101BE3C197CBBFC0042E4EA /* MyRouteTests.swift in Sources */,
			);
			runOnlyForDeploymentPostprocessing = 0;
		};
/* End PBXSourcesBuildPhase section */

/* Begin PBXTargetDependency section */
		8101BE37197CBBFC0042E4EA /* PBXTargetDependency */ = {
			isa = PBXTargetDependency;
			target = 8101BE22197CBBFC0042E4EA /* MyRoute */;
			targetProxy = 8101BE36197CBBFC0042E4EA /* PBXContainerItemProxy */;
		};
/* End PBXTargetDependency section */

/* Begin PBXVariantGroup section */
		8101BE2C197CBBFC0042E4EA /* Main.storyboard */ = {
			isa = PBXVariantGroup;
			children = (
				8101BE2D197CBBFC0042E4EA /* Base */,
			);
			name = Main.storyboard;
			sourceTree = "<group>";
		};
/* End PBXVariantGroup section */

/* Begin XCBuildConfiguration section */
		8101BE3D197CBBFC0042E4EA /* Debug */ = {
			isa = XCBuildConfiguration;
			buildSettings = {
				ALWAYS_SEARCH_USER_PATHS = NO;
				CLANG_CXX_LANGUAGE_STANDARD = "gnu++0x";
				CLANG_CXX_LIBRARY = "libc++";
				CLANG_ENABLE_MODULES = YES;
				CLANG_ENABLE_OBJC_ARC = YES;
				CLANG_WARN_BOOL_CONVERSION = YES;
				CLANG_WARN_CONSTANT_CONVERSION = YES;
				CLANG_WARN_DIRECT_OBJC_ISA_USAGE = YES_ERROR;
				CLANG_WARN_EMPTY_BODY = YES;
				CLANG_WARN_ENUM_CONVERSION = YES;
				CLANG_WARN_INT_CONVERSION = YES;
				CLANG_WARN_OBJC_ROOT_CLASS = YES_ERROR;
				CLANG_WARN_UNREACHABLE_CODE = YES;
				CLANG_WARN__DUPLICATE_METHOD_MATCH = YES;
				"CODE_SIGN_IDENTITY[sdk=iphoneos*]" = "iPhone Developer";
				COPY_PHASE_STRIP = NO;
				ENABLE_STRICT_OBJC_MSGSEND = YES;
				ENABLE_TESTABILITY = YES;
				GCC_C_LANGUAGE_STANDARD = gnu99;
				GCC_DYNAMIC_NO_PIC = NO;
				GCC_OPTIMIZATION_LEVEL = 0;
				GCC_PREPROCESSOR_DEFINITIONS = (
					"DEBUG=1",
					"$(inherited)",
				);
				GCC_SYMBOLS_PRIVATE_EXTERN = NO;
				GCC_WARN_64_TO_32_BIT_CONVERSION = YES;
				GCC_WARN_ABOUT_RETURN_TYPE = YES_ERROR;
				GCC_WARN_UNDECLARED_SELECTOR = YES;
				GCC_WARN_UNINITIALIZED_AUTOS = YES_AGGRESSIVE;
				GCC_WARN_UNUSED_FUNCTION = YES;
				GCC_WARN_UNUSED_VARIABLE = YES;
				IPHONEOS_DEPLOYMENT_TARGET = 8.0;
				METAL_ENABLE_DEBUG_INFO = YES;
				ONLY_ACTIVE_ARCH = YES;
				SDKROOT = iphoneos;
				SWIFT_OPTIMIZATION_LEVEL = "-Onone";
				TARGETED_DEVICE_FAMILY = "1,2";
			};
			name = Debug;
		};
		8101BE3E197CBBFC0042E4EA /* Release */ = {
			isa = XCBuildConfiguration;
			buildSettings = {
				ALWAYS_SEARCH_USER_PATHS = NO;
				CLANG_CXX_LANGUAGE_STANDARD = "gnu++0x";
				CLANG_CXX_LIBRARY = "libc++";
				CLANG_ENABLE_MODULES = YES;
				CLANG_ENABLE_OBJC_ARC = YES;
				CLANG_WARN_BOOL_CONVERSION = YES;
				CLANG_WARN_CONSTANT_CONVERSION = YES;
				CLANG_WARN_DIRECT_OBJC_ISA_USAGE = YES_ERROR;
				CLANG_WARN_EMPTY_BODY = YES;
				CLANG_WARN_ENUM_CONVERSION = YES;
				CLANG_WARN_INT_CONVERSION = YES;
				CLANG_WARN_OBJC_ROOT_CLASS = YES_ERROR;
				CLANG_WARN_UNREACHABLE_CODE = YES;
				CLANG_WARN__DUPLICATE_METHOD_MATCH = YES;
				"CODE_SIGN_IDENTITY[sdk=iphoneos*]" = "iPhone Developer";
				COPY_PHASE_STRIP = YES;
				ENABLE_NS_ASSERTIONS = NO;
				ENABLE_STRICT_OBJC_MSGSEND = YES;
				GCC_C_LANGUAGE_STANDARD = gnu99;
				GCC_WARN_64_TO_32_BIT_CONVERSION = YES;
				GCC_WARN_ABOUT_RETURN_TYPE = YES_ERROR;
				GCC_WARN_UNDECLARED_SELECTOR = YES;
				GCC_WARN_UNINITIALIZED_AUTOS = YES_AGGRESSIVE;
				GCC_WARN_UNUSED_FUNCTION = YES;
				GCC_WARN_UNUSED_VARIABLE = YES;
				IPHONEOS_DEPLOYMENT_TARGET = 8.0;
				METAL_ENABLE_DEBUG_INFO = NO;
				SDKROOT = iphoneos;
				TARGETED_DEVICE_FAMILY = "1,2";
				VALIDATE_PRODUCT = YES;
			};
			name = Release;
		};
		8101BE40197CBBFC0042E4EA /* Debug */ = {
			isa = XCBuildConfiguration;
			baseConfigurationReference = 614719377AA623529C6B76BA /* Pods.debug.xcconfig */;
			buildSettings = {
				ASSETCATALOG_COMPILER_APPICON_NAME = AppIcon;
				ASSETCATALOG_COMPILER_LAUNCHIMAGE_NAME = LaunchImage;
				ENABLE_BITCODE = NO;
				FRAMEWORK_SEARCH_PATHS = (
					"$(inherited)",
					"$(PROJECT_DIR)/MyRoute/Extern",
				);
				INFOPLIST_FILE = MyRoute/Info.plist;
				IPHONEOS_DEPLOYMENT_TARGET = 7.0;
				LD_RUNPATH_SEARCH_PATHS = "$(inherited) @executable_path/Frameworks";
				PRODUCT_BUNDLE_IDENTIFIER = "com.autonavi.$(PRODUCT_NAME:rfc1034identifier)";
				PRODUCT_NAME = "$(TARGET_NAME)";
				SWIFT_OBJC_BRIDGING_HEADER = "MyRoute-Bridging-Header.h";
				TARGETED_DEVICE_FAMILY = 1;
			};
			name = Debug;
		};
		8101BE41197CBBFC0042E4EA /* Release */ = {
			isa = XCBuildConfiguration;
			baseConfigurationReference = 917116BDD37BCA2BD8028BAD /* Pods.release.xcconfig */;
			buildSettings = {
				ASSETCATALOG_COMPILER_APPICON_NAME = AppIcon;
				ASSETCATALOG_COMPILER_LAUNCHIMAGE_NAME = LaunchImage;
				ENABLE_BITCODE = NO;
				FRAMEWORK_SEARCH_PATHS = (
					"$(inherited)",
					"$(PROJECT_DIR)/MyRoute/Extern",
				);
				INFOPLIST_FILE = MyRoute/Info.plist;
				IPHONEOS_DEPLOYMENT_TARGET = 7.0;
				LD_RUNPATH_SEARCH_PATHS = "$(inherited) @executable_path/Frameworks";
				PRODUCT_BUNDLE_IDENTIFIER = "com.autonavi.$(PRODUCT_NAME:rfc1034identifier)";
				PRODUCT_NAME = "$(TARGET_NAME)";
				SWIFT_OBJC_BRIDGING_HEADER = "MyRoute-Bridging-Header.h";
				TARGETED_DEVICE_FAMILY = 1;
			};
			name = Release;
		};
		8101BE43197CBBFC0042E4EA /* Debug */ = {
			isa = XCBuildConfiguration;
			buildSettings = {
				BUNDLE_LOADER = "$(BUILT_PRODUCTS_DIR)/MyRoute.app/MyRoute";
				FRAMEWORK_SEARCH_PATHS = (
					"$(SDKROOT)/Developer/Library/Frameworks",
					"$(inherited)",
				);
				GCC_PREPROCESSOR_DEFINITIONS = (
					"DEBUG=1",
					"$(inherited)",
				);
				INFOPLIST_FILE = MyRouteTests/Info.plist;
				LD_RUNPATH_SEARCH_PATHS = "$(inherited) @executable_path/Frameworks @loader_path/Frameworks";
				METAL_ENABLE_DEBUG_INFO = YES;
				PRODUCT_BUNDLE_IDENTIFIER = "com.autonavi.${PRODUCT_NAME:rfc1034identifier}";
				PRODUCT_NAME = "$(TARGET_NAME)";
				TEST_HOST = "$(BUNDLE_LOADER)";
			};
			name = Debug;
		};
		8101BE44197CBBFC0042E4EA /* Release */ = {
			isa = XCBuildConfiguration;
			buildSettings = {
				BUNDLE_LOADER = "$(BUILT_PRODUCTS_DIR)/MyRoute.app/MyRoute";
				FRAMEWORK_SEARCH_PATHS = (
					"$(SDKROOT)/Developer/Library/Frameworks",
					"$(inherited)",
				);
				INFOPLIST_FILE = MyRouteTests/Info.plist;
				LD_RUNPATH_SEARCH_PATHS = "$(inherited) @executable_path/Frameworks @loader_path/Frameworks";
				METAL_ENABLE_DEBUG_INFO = NO;
				PRODUCT_BUNDLE_IDENTIFIER = "com.autonavi.${PRODUCT_NAME:rfc1034identifier}";
				PRODUCT_NAME = "$(TARGET_NAME)";
				TEST_HOST = "$(BUNDLE_LOADER)";
			};
			name = Release;
		};
/* End XCBuildConfiguration section */

/* Begin XCConfigurationList section */
		8101BE1E197CBBFC0042E4EA /* Build configuration list for PBXProject "MyRoute" */ = {
			isa = XCConfigurationList;
			buildConfigurations = (
				8101BE3D197CBBFC0042E4EA /* Debug */,
				8101BE3E197CBBFC0042E4EA /* Release */,
			);
			defaultConfigurationIsVisible = 0;
			defaultConfigurationName = Release;
		};
		8101BE3F197CBBFC0042E4EA /* Build configuration list for PBXNativeTarget "MyRoute" */ = {
			isa = XCConfigurationList;
			buildConfigurations = (
				8101BE40197CBBFC0042E4EA /* Debug */,
				8101BE41197CBBFC0042E4EA /* Release */,
			);
			defaultConfigurationIsVisible = 0;
			defaultConfigurationName = Release;
		};
		8101BE42197CBBFC0042E4EA /* Build configuration list for PBXNativeTarget "MyRouteTests" */ = {
			isa = XCConfigurationList;
			buildConfigurations = (
				8101BE43197CBBFC0042E4EA /* Debug */,
				8101BE44197CBBFC0042E4EA /* Release */,
			);
			defaultConfigurationIsVisible = 0;
			defaultConfigurationName = Release;
		};
/* End XCConfigurationList section */
	};
	rootObject = 8101BE1B197CBBFC0042E4EA /* Project object */;
}
