PODS:
  - AMap3DMap (4.6.1):
    - AMapFoundation (~> 1.3)
  - AMapFoundation (1.3.3)
  - AMapSearch (4.4.1):
    - AMapFoundation (~> 1.2)

DEPENDENCIES:
  - AMap3DMap (~> 4.0)
  - AMapSearch

SPEC CHECKSUMS:
  AMap3DMap: eb6656fb441ed7eb310b3c121032e947d4d649e5
  AMapFoundation: c086329a1f19afec00e4c197863665235eb43dc2
  AMapSearch: 16a50b493ad419e8b6b81bafdeca7570db52f28e

PODFILE CHECKSUM: 7e4302ecbddd38eae22901832f0ae1779d6281f4

COCOAPODS: 1.1.1
